// !$*UTF8*$!
{
	archiveVersion = 1;
	classes = {
	};
	objectVersion = 77;
	objects = {

/* Begin PBXBuildFile section */
		5D7341882ECE6830007C5FFF /* TestChecklist.md in Resources */ = {isa = PBXBuildFile; fileRef = 5D7341872ECE6830007C5FFF /* TestChecklist.md */; };
		5D73418A2ECE68C8007C5FFF /* dev.txt in Resources */ = {isa = PBXBuildFile; fileRef = 5D7341892ECE68C0007C5FFF /* dev.txt */; };
		5D9927E82ECE88D100EB9615 /* .gitignore in Resources */ = {isa = PBXBuildFile; fileRef = 5D9927E62ECE88CC00EB9615 /* .gitignore */; };
		5D9928042ECE8AC500EB9615 /* README.md in Resources */ = {isa = PBXBuildFile; fileRef = 5D9928032ECE8ABF00EB9615 /* README.md */; };
/* End PBXBuildFile section */

/* Begin PBXContainerItemProxy section */
		5D649C112ECCFC38008269CC /* PBXContainerItemProxy */ = {
			isa = PBXContainerItemProxy;
			containerPortal = 5D649BF92ECCFC37008269CC /* Project object */;
			proxyType = 1;
			remoteGlobalIDString = 5D649C002ECCFC37008269CC;
			remoteInfo = BookifyAI;
		};
		5D649C1B2ECCFC38008269CC /* PBXContainerItemProxy */ = {
			isa = PBXContainerItemProxy;
			containerPortal = 5D649BF92ECCFC37008269CC /* Project object */;
			proxyType = 1;
			remoteGlobalIDString = 5D649C002ECCFC37008269CC;
			remoteInfo = BookifyAI;
		};
/* End PBXContainerItemProxy section */

/* Begin PBXFileReference section */
		5D649C012ECCFC37008269CC /* BookifyAI.app */ = {isa = PBXFileReference; explicitFileType = wrapper.application; includeInIndex = 0; path = BookifyAI.app; sourceTree = BUILT_PRODUCTS_DIR; };
		5D649C102ECCFC38008269CC /* BookifyAITests.xctest */ = {isa = PBXFileReference; explicitFileType = wrapper.cfbundle; includeInIndex = 0; path = BookifyAITests.xctest; sourceTree = BUILT_PRODUCTS_DIR; };
		5D649C1A2ECCFC38008269CC /* BookifyAIUITests.xctest */ = {isa = PBXFileReference; explicitFileType = wrapper.cfbundle; includeInIndex = 0; path = BookifyAIUITests.xctest; sourceTree = BUILT_PRODUCTS_DIR; };
		5D7341872ECE6830007C5FFF /* TestChecklist.md */ = {isa = PBXFileReference; lastKnownFileType = net.daringfireball.markdown; path = TestChecklist.md; sourceTree = "<group>"; };
		5D7341892ECE68C0007C5FFF /* dev.txt */ = {isa = PBXFileReference; lastKnownFileType = text; path = dev.txt; sourceTree = "<group>"; };
		5D9927E62ECE88CC00EB9615 /* .gitignore */ = {isa = PBXFileReference; lastKnownFileType = text; path = .gitignore; sourceTree = "<group>"; };
		5D9928032ECE8ABF00EB9615 /* README.md */ = {isa = PBXFileReference; lastKnownFileType = net.daringfireball.markdown; path = README.md; sourceTree = "<group>"; };
/* End PBXFileReference section */

/* Begin PBXFileSystemSynchronizedRootGroup section */
		5D649C032ECCFC37008269CC /* BookifyAI */ = {
			isa = PBXFileSystemSynchronizedRootGroup;
			path = BookifyAI;
			sourceTree = "<group>";
		};
		5D649C132ECCFC38008269CC /* BookifyAITests */ = {
			isa = PBXFileSystemSynchronizedRootGroup;
			path = BookifyAITests;
			sourceTree = "<group>";
		};
		5D649C1D2ECCFC38008269CC /* BookifyAIUITests */ = {
			isa = PBXFileSystemSynchronizedRootGroup;
			path = BookifyAIUITests;
			sourceTree = "<group>";
		};
/* End PBXFileSystemSynchronizedRootGroup section */

/* Begin PBXFrameworksBuildPhase section */
		5D649BFE2ECCFC37008269CC /* Frameworks */ = {
			isa = PBXFrameworksBuildPhase;
			buildActionMask = 2147483647;
			files = (
			);
			runOnlyForDeploymentPostprocessing = 0;
		};
		5D649C0D2ECCFC38008269CC /* Frameworks */ = {
			isa = PBXFrameworksBuildPhase;
			buildActionMask = 2147483647;
			files = (
			);
			runOnlyForDeploymentPostprocessing = 0;
		};
		5D649C172ECCFC38008269CC /* Frameworks */ = {
			isa = PBXFrameworksBuildPhase;
			buildActionMask = 2147483647;
			files = (
			);
			runOnlyForDeploymentPostprocessing = 0;
		};
/* End PBXFrameworksBuildPhase section */

/* Begin PBXGroup section */
		5D649BF82ECCFC37008269CC = {
			isa = PBXGroup;
			children = (
				5D7341872ECE6830007C5FFF /* TestChecklist.md */,
				5D9927E62ECE88CC00EB9615 /* .gitignore */,
				5D7341892ECE68C0007C5FFF /* dev.txt */,
				5D649C032ECCFC37008269CC /* BookifyAI */,
				5D649C132ECCFC38008269CC /* BookifyAITests */,
				5D649C1D2ECCFC38008269CC /* BookifyAIUITests */,
				5D649C022ECCFC37008269CC /* Products */,
				5D9928032ECE8ABF00EB9615 /* README.md */,
			);
			sourceTree = "<group>";
		};
		5D649C022ECCFC37008269CC /* Products */ = {
			isa = PBXGroup;
			children = (
				5D649C012ECCFC37008269CC /* BookifyAI.app */,
				5D649C102ECCFC38008269CC /* BookifyAITests.xctest */,
				5D649C1A2ECCFC38008269CC /* BookifyAIUITests.xctest */,
			);
			name = Products;
			sourceTree = "<group>";
		};
/* End PBXGroup section */

/* Begin PBXNativeTarget section */
		5D649C002ECCFC37008269CC /* BookifyAI */ = {
			isa = PBXNativeTarget;
			buildConfigurationList = 5D649C242ECCFC38008269CC /* Build configuration list for PBXNativeTarget "BookifyAI" */;
			buildPhases = (
				5D649BFD2ECCFC37008269CC /* Sources */,
				5D649BFE2ECCFC37008269CC /* Frameworks */,
				5D649BFF2ECCFC37008269CC /* Resources */,
			);
			buildRules = (
			);
			dependencies = (
			);
			fileSystemSynchronizedGroups = (
				5D649C032ECCFC37008269CC /* BookifyAI */,
			);
			name = BookifyAI;
			packageProductDependencies = (
			);
			productName = BookifyAI;
			productReference = 5D649C012ECCFC37008269CC /* BookifyAI.app */;
			productType = "com.apple.product-type.application";
		};
		5D649C0F2ECCFC38008269CC /* BookifyAITests */ = {
			isa = PBXNativeTarget;
			buildConfigurationList = 5D649C272ECCFC38008269CC /* Build configuration list for PBXNativeTarget "BookifyAITests" */;
			buildPhases = (
				5D649C0C2ECCFC38008269CC /* Sources */,
				5D649C0D2ECCFC38008269CC /* Frameworks */,
				5D649C0E2ECCFC38008269CC /* Resources */,
			);
			buildRules = (
			);
			dependencies = (
				5D649C122ECCFC38008269CC /* PBXTargetDependency */,
			);
			fileSystemSynchronizedGroups = (
				5D649C132ECCFC38008269CC /* BookifyAITests */,
			);
			name = BookifyAITests;
			packageProductDependencies = (
			);
			productName = BookifyAITests;
			productReference = 5D649C102ECCFC38008269CC /* BookifyAITests.xctest */;
			productType = "com.apple.product-type.bundle.unit-test";
		};
		5D649C192ECCFC38008269CC /* BookifyAIUITests */ = {
			isa = PBXNativeTarget;
			buildConfigurationList = 5D649C2A2ECCFC38008269CC /* Build configuration list for PBXNativeTarget "BookifyAIUITests" */;
			buildPhases = (
				5D649C162ECCFC38008269CC /* Sources */,
				5D649C172ECCFC38008269CC /* Frameworks */,
				5D649C182ECCFC38008269CC /* Resources */,
			);
			buildRules = (
			);
			dependencies = (
				5D649C1C2ECCFC38008269CC /* PBXTargetDependency */,
			);
			fileSystemSynchronizedGroups = (
				5D649C1D2ECCFC38008269CC /* BookifyAIUITests */,
			);
			name = BookifyAIUITests;
			packageProductDependencies = (
			);
			productName = BookifyAIUITests;
			productReference = 5D649C1A2ECCFC38008269CC /* BookifyAIUITests.xctest */;
			productType = "com.apple.product-type.bundle.ui-testing";
		};
/* End PBXNativeTarget section */

/* Begin PBXProject section */
		5D649BF92ECCFC37008269CC /* Project object */ = {
			isa = PBXProject;
			attributes = {
				BuildIndependentTargetsInParallel = 1;
				LastSwiftUpdateCheck = 2610;
				LastUpgradeCheck = 2610;
				TargetAttributes = {
					5D649C002ECCFC37008269CC = {
						CreatedOnToolsVersion = 26.1.1;
					};
					5D649C0F2ECCFC38008269CC = {
						CreatedOnToolsVersion = 26.1.1;
						TestTargetID = 5D649C002ECCFC37008269CC;
					};
					5D649C192ECCFC38008269CC = {
						CreatedOnToolsVersion = 26.1.1;
						TestTargetID = 5D649C002ECCFC37008269CC;
					};
				};
			};
			buildConfigurationList = 5D649BFC2ECCFC37008269CC /* Build configuration list for PBXProject "BookifyAI" */;
			developmentRegion = en;
			hasScannedForEncodings = 0;
			knownRegions = (
				en,
				Base,
			);
			mainGroup = 5D649BF82ECCFC37008269CC;
			minimizedProjectReferenceProxies = 1;
			preferredProjectObjectVersion = 77;
			productRefGroup = 5D649C022ECCFC37008269CC /* Products */;
			projectDirPath = "";
			projectRoot = "";
			targets = (
				5D649C002ECCFC37008269CC /* BookifyAI */,
				5D649C0F2ECCFC38008269CC /* BookifyAITests */,
				5D649C192ECCFC38008269CC /* BookifyAIUITests */,
			);
		};
/* End PBXProject section */

/* Begin PBXResourcesBuildPhase section */
		5D649BFF2ECCFC37008269CC /* Resources */ = {
			isa = PBXResourcesBuildPhase;
			buildActionMask = 2147483647;
			files = (
				5D73418A2ECE68C8007C5FFF /* dev.txt in Resources */,
				5D7341882ECE6830007C5FFF /* TestChecklist.md in Resources */,
				5D9928042ECE8AC500EB9615 /* README.md in Resources */,
				5D9927E82ECE88D100EB9615 /* .gitignore in Resources */,
			);
			runOnlyForDeploymentPostprocessing = 0;
		};
		5D649C0E2ECCFC38008269CC /* Resources */ = {
			isa = PBXResourcesBuildPhase;
			buildActionMask = 2147483647;
			files = (
			);
			runOnlyForDeploymentPostprocessing = 0;
		};
		5D649C182ECCFC38008269CC /* Resources */ = {
			isa = PBXResourcesBuildPhase;
			buildActionMask = 2147483647;
			files = (
			);
			runOnlyForDeploymentPostprocessing = 0;
		};
/* End PBXResourcesBuildPhase section */

/* Begin PBXSourcesBuildPhase section */
		5D649BFD2ECCFC37008269CC /* Sources */ = {
			isa = PBXSourcesBuildPhase;
			buildActionMask = 2147483647;
			files = (
			);
			runOnlyForDeploymentPostprocessing = 0;
		};
		5D649C0C2ECCFC38008269CC /* Sources */ = {
			isa = PBXSourcesBuildPhase;
			buildActionMask = 2147483647;
			files = (
			);
			runOnlyForDeploymentPostprocessing = 0;
		};
		5D649C162ECCFC38008269CC /* Sources */ = {
			isa = PBXSourcesBuildPhase;
			buildActionMask = 2147483647;
			files = (
			);
			runOnlyForDeploymentPostprocessing = 0;
		};
/* End PBXSourcesBuildPhase section */

/* Begin PBXTargetDependency section */
		5D649C122ECCFC38008269CC /* PBXTargetDependency */ = {
			isa = PBXTargetDependency;
			target = 5D649C002ECCFC37008269CC /* BookifyAI */;
			targetProxy = 5D649C112ECCFC38008269CC /* PBXContainerItemProxy */;
		};
		5D649C1C2ECCFC38008269CC /* PBXTargetDependency */ = {
			isa = PBXTargetDependency;
			target = 5D649C002ECCFC37008269CC /* BookifyAI */;
			targetProxy = 5D649C1B2ECCFC38008269CC /* PBXContainerItemProxy */;
		};
/* End PBXTargetDependency section */

/* Begin XCBuildConfiguration section */
		5D649C222ECCFC38008269CC /* Debug */ = {
			isa = XCBuildConfiguration;
			buildSettings = {
				ALWAYS_SEARCH_USER_PATHS = NO;
				ASSETCATALOG_COMPILER_GENERATE_SWIFT_ASSET_SYMBOL_EXTENSIONS = YES;
				CLANG_ANALYZER_NONNULL = YES;
				CLANG_ANALYZER_NUMBER_OBJECT_CONVERSION = YES_AGGRESSIVE;
				CLANG_CXX_LANGUAGE_STANDARD = "gnu++20";
				CLANG_ENABLE_MODULES = YES;
				CLANG_ENABLE_OBJC_ARC = YES;
				CLANG_ENABLE_OBJC_WEAK = YES;
				CLANG_WARN_BLOCK_CAPTURE_AUTORELEASING = YES;
				CLANG_WARN_BOOL_CONVERSION = YES;
				CLANG_WARN_COMMA = YES;
				CLANG_WARN_CONSTANT_CONVERSION = YES;
				CLANG_WARN_DEPRECATED_OBJC_IMPLEMENTATIONS = YES;
				CLANG_WARN_DIRECT_OBJC_ISA_USAGE = YES_ERROR;
				CLANG_WARN_DOCUMENTATION_COMMENTS = YES;
				CLANG_WARN_EMPTY_BODY = YES;
				CLANG_WARN_ENUM_CONVERSION = YES;
				CLANG_WARN_INFINITE_RECURSION = YES;
				CLANG_WARN_INT_CONVERSION = YES;
				CLANG_WARN_NON_LITERAL_NULL_CONVERSION = YES;
				CLANG_WARN_OBJC_IMPLICIT_RETAIN_SELF = YES;
				CLANG_WARN_OBJC_LITERAL_CONVERSION = YES;
				CLANG_WARN_OBJC_ROOT_CLASS = YES_ERROR;
				CLANG_WARN_QUOTED_INCLUDE_IN_FRAMEWORK_HEADER = YES;
				CLANG_WARN_RANGE_LOOP_ANALYSIS = YES;
				CLANG_WARN_STRICT_PROTOTYPES = YES;
				CLANG_WARN_SUSPICIOUS_MOVE = YES;
				CLANG_WARN_UNGUARDED_AVAILABILITY = YES_AGGRESSIVE;
				CLANG_WARN_UNREACHABLE_CODE = YES;
				CLANG_WARN__DUPLICATE_METHOD_MATCH = YES;
				COPY_PHASE_STRIP = NO;
				DEBUG_INFORMATION_FORMAT = dwarf;
				ENABLE_STRICT_OBJC_MSGSEND = YES;
				ENABLE_TESTABILITY = YES;
				ENABLE_USER_SCRIPT_SANDBOXING = YES;
				GCC_C_LANGUAGE_STANDARD = gnu17;
				GCC_DYNAMIC_NO_PIC = NO;
				GCC_NO_COMMON_BLOCKS = YES;
				GCC_OPTIMIZATION_LEVEL = 0;
				GCC_PREPROCESSOR_DEFINITIONS = (
					"DEBUG=1",
					"$(inherited)",
				);
				GCC_WARN_64_TO_32_BIT_CONVERSION = YES;
				GCC_WARN_ABOUT_RETURN_TYPE = YES_ERROR;
				GCC_WARN_UNDECLARED_SELECTOR = YES;
				GCC_WARN_UNINITIALIZED_AUTOS = YES_AGGRESSIVE;
				GCC_WARN_UNUSED_FUNCTION = YES;
				GCC_WARN_UNUSED_VARIABLE = YES;
				IPHONEOS_DEPLOYMENT_TARGET = 26.1;
				LOCALIZATION_PREFERS_STRING_CATALOGS = YES;
				MTL_ENABLE_DEBUG_INFO = INCLUDE_SOURCE;
				MTL_FAST_MATH = YES;
				ONLY_ACTIVE_ARCH = YES;
				SDKROOT = iphoneos;
				SWIFT_ACTIVE_COMPILATION_CONDITIONS = "DEBUG $(inherited)";
				SWIFT_OPTIMIZATION_LEVEL = "-Onone";
			};
			name = Debug;
		};
		5D649C232ECCFC38008269CC /* Release */ = {
			isa = XCBuildConfiguration;
			buildSettings = {
				ALWAYS_SEARCH_USER_PATHS = NO;
				ASSETCATALOG_COMPILER_GENERATE_SWIFT_ASSET_SYMBOL_EXTENSIONS = YES;
				CLANG_ANALYZER_NONNULL = YES;
				CLANG_ANALYZER_NUMBER_OBJECT_CONVERSION = YES_AGGRESSIVE;
				CLANG_CXX_LANGUAGE_STANDARD = "gnu++20";
				CLANG_ENABLE_MODULES = YES;
				CLANG_ENABLE_OBJC_ARC = YES;
				CLANG_ENABLE_OBJC_WEAK = YES;
				CLANG_WARN_BLOCK_CAPTURE_AUTORELEASING = YES;
				CLANG_WARN_BOOL_CONVERSION = YES;
				CLANG_WARN_COMMA = YES;
				CLANG_WARN_CONSTANT_CONVERSION = YES;
				CLANG_WARN_DEPRECATED_OBJC_IMPLEMENTATIONS = YES;
				CLANG_WARN_DIRECT_OBJC_ISA_USAGE = YES_ERROR;
				CLANG_WARN_DOCUMENTATION_COMMENTS = YES;
				CLANG_WARN_EMPTY_BODY = YES;
				CLANG_WARN_ENUM_CONVERSION = YES;
				CLANG_WARN_INFINITE_RECURSION = YES;
				CLANG_WARN_INT_CONVERSION = YES;
				CLANG_WARN_NON_LITERAL_NULL_CONVERSION = YES;
				CLANG_WARN_OBJC_IMPLICIT_RETAIN_SELF = YES;
				CLANG_WARN_OBJC_LITERAL_CONVERSION = YES;
				CLANG_WARN_OBJC_ROOT_CLASS = YES_ERROR;
				CLANG_WARN_QUOTED_INCLUDE_IN_FRAMEWORK_HEADER = YES;
				CLANG_WARN_RANGE_LOOP_ANALYSIS = YES;
				CLANG_WARN_STRICT_PROTOTYPES = YES;
				CLANG_WARN_SUSPICIOUS_MOVE = YES;
				CLANG_WARN_UNGUARDED_AVAILABILITY = YES_AGGRESSIVE;
				CLANG_WARN_UNREACHABLE_CODE = YES;
				CLANG_WARN__DUPLICATE_METHOD_MATCH = YES;
				COPY_PHASE_STRIP = NO;
				DEBUG_INFORMATION_FORMAT = "dwarf-with-dsym";
				ENABLE_NS_ASSERTIONS = NO;
				ENABLE_STRICT_OBJC_MSGSEND = YES;
				ENABLE_USER_SCRIPT_SANDBOXING = YES;
				GCC_C_LANGUAGE_STANDARD = gnu17;
				GCC_NO_COMMON_BLOCKS = YES;
				GCC_WARN_64_TO_32_BIT_CONVERSION = YES;
				GCC_WARN_ABOUT_RETURN_TYPE = YES_ERROR;
				GCC_WARN_UNDECLARED_SELECTOR = YES;
				GCC_WARN_UNINITIALIZED_AUTOS = YES_AGGRESSIVE;
				GCC_WARN_UNUSED_FUNCTION = YES;
				GCC_WARN_UNUSED_VARIABLE = YES;
				IPHONEOS_DEPLOYMENT_TARGET = 26.1;
				LOCALIZATION_PREFERS_STRING_CATALOGS = YES;
				MTL_ENABLE_DEBUG_INFO = NO;
				MTL_FAST_MATH = YES;
				SDKROOT = iphoneos;
				SWIFT_COMPILATION_MODE = wholemodule;
				VALIDATE_PRODUCT = YES;
			};
			name = Release;
		};
		5D649C252ECCFC38008269CC /* Debug */ = {
			isa = XCBuildConfiguration;
			buildSettings = {
				ASSETCATALOG_COMPILER_APPICON_NAME = AppIcon;
				ASSETCATALOG_COMPILER_GLOBAL_ACCENT_COLOR_NAME = AccentColor;
				CODE_SIGN_STYLE = Automatic;
				CURRENT_PROJECT_VERSION = 1;
				ENABLE_PREVIEWS = YES;
				GENERATE_INFOPLIST_FILE = YES;
				INFOPLIST_KEY_UIApplicationSceneManifest_Generation = YES;
				INFOPLIST_KEY_UIApplicationSupportsIndirectInputEvents = YES;
				INFOPLIST_KEY_UILaunchScreen_Generation = YES;
				INFOPLIST_KEY_UISupportedInterfaceOrientations_iPad = "UIInterfaceOrientationPortrait UIInterfaceOrientationPortraitUpsideDown UIInterfaceOrientationLandscapeLeft UIInterfaceOrientationLandscapeRight";
				INFOPLIST_KEY_UISupportedInterfaceOrientations_iPhone = "UIInterfaceOrientationPortrait UIInterfaceOrientationLandscapeLeft UIInterfaceOrientationLandscapeRight";
				LD_RUNPATH_SEARCH_PATHS = (
					"$(inherited)",
					"@executable_path/Frameworks",
				);
				MARKETING_VERSION = 1.0;
				PRODUCT_BUNDLE_IDENTIFIER = tan.BookifyAI;
				PRODUCT_NAME = "$(TARGET_NAME)";
				STRING_CATALOG_GENERATE_SYMBOLS = YES;
				SWIFT_APPROACHABLE_CONCURRENCY = YES;
				SWIFT_DEFAULT_ACTOR_ISOLATION = MainActor;
				SWIFT_EMIT_LOC_STRINGS = YES;
				SWIFT_UPCOMING_FEATURE_MEMBER_IMPORT_VISIBILITY = YES;
				SWIFT_VERSION = 5.0;
				TARGETED_DEVICE_FAMILY = "1,2";
			};
			name = Debug;
		};
		5D649C262ECCFC38008269CC /* Release */ = {
			isa = XCBuildConfiguration;
			buildSettings = {
				ASSETCATALOG_COMPILER_APPICON_NAME = AppIcon;
				ASSETCATALOG_COMPILER_GLOBAL_ACCENT_COLOR_NAME = AccentColor;
				CODE_SIGN_STYLE = Automatic;
				CURRENT_PROJECT_VERSION = 1;
				ENABLE_PREVIEWS = YES;
				GENERATE_INFOPLIST_FILE = YES;
				INFOPLIST_KEY_UIApplicationSceneManifest_Generation = YES;
				INFOPLIST_KEY_UIApplicationSupportsIndirectInputEvents = YES;
				INFOPLIST_KEY_UILaunchScreen_Generation = YES;
				INFOPLIST_KEY_UISupportedInterfaceOrientations_iPad = "UIInterfaceOrientationPortrait UIInterfaceOrientationPortraitUpsideDown UIInterfaceOrientationLandscapeLeft UIInterfaceOrientationLandscapeRight";
				INFOPLIST_KEY_UISupportedInterfaceOrientations_iPhone = "UIInterfaceOrientationPortrait UIInterfaceOrientationLandscapeLeft UIInterfaceOrientationLandscapeRight";
				LD_RUNPATH_SEARCH_PATHS = (
					"$(inherited)",
					"@executable_path/Frameworks",
				);
				MARKETING_VERSION = 1.0;
				PRODUCT_BUNDLE_IDENTIFIER = tan.BookifyAI;
				PRODUCT_NAME = "$(TARGET_NAME)";
				STRING_CATALOG_GENERATE_SYMBOLS = YES;
				SWIFT_APPROACHABLE_CONCURRENCY = YES;
				SWIFT_DEFAULT_ACTOR_ISOLATION = MainActor;
				SWIFT_EMIT_LOC_STRINGS = YES;
				SWIFT_UPCOMING_FEATURE_MEMBER_IMPORT_VISIBILITY = YES;
				SWIFT_VERSION = 5.0;
				TARGETED_DEVICE_FAMILY = "1,2";
			};
			name = Release;
		};
		5D649C282ECCFC38008269CC /* Debug */ = {
			isa = XCBuildConfiguration;
			buildSettings = {
				BUNDLE_LOADER = "$(TEST_HOST)";
				CODE_SIGN_STYLE = Automatic;
				CURRENT_PROJECT_VERSION = 1;
				GENERATE_INFOPLIST_FILE = YES;
				IPHONEOS_DEPLOYMENT_TARGET = 26.1;
				MARKETING_VERSION = 1.0;
				PRODUCT_BUNDLE_IDENTIFIER = tan.BookifyAITests;
				PRODUCT_NAME = "$(TARGET_NAME)";
				STRING_CATALOG_GENERATE_SYMBOLS = NO;
				SWIFT_APPROACHABLE_CONCURRENCY = YES;
				SWIFT_EMIT_LOC_STRINGS = NO;
				SWIFT_UPCOMING_FEATURE_MEMBER_IMPORT_VISIBILITY = YES;
				SWIFT_VERSION = 5.0;
				TARGETED_DEVICE_FAMILY = "1,2";
				TEST_HOST = "$(BUILT_PRODUCTS_DIR)/BookifyAI.app/$(BUNDLE_EXECUTABLE_FOLDER_PATH)/BookifyAI";
			};
			name = Debug;
		};
		5D649C292ECCFC38008269CC /* Release */ = {
			isa = XCBuildConfiguration;
			buildSettings = {
				BUNDLE_LOADER = "$(TEST_HOST)";
				CODE_SIGN_STYLE = Automatic;
				CURRENT_PROJECT_VERSION = 1;
				GENERATE_INFOPLIST_FILE = YES;
				IPHONEOS_DEPLOYMENT_TARGET = 26.1;
				MARKETING_VERSION = 1.0;
				PRODUCT_BUNDLE_IDENTIFIER = tan.BookifyAITests;
				PRODUCT_NAME = "$(TARGET_NAME)";
				STRING_CATALOG_GENERATE_SYMBOLS = NO;
				SWIFT_APPROACHABLE_CONCURRENCY = YES;
				SWIFT_EMIT_LOC_STRINGS = NO;
				SWIFT_UPCOMING_FEATURE_MEMBER_IMPORT_VISIBILITY = YES;
				SWIFT_VERSION = 5.0;
				TARGETED_DEVICE_FAMILY = "1,2";
				TEST_HOST = "$(BUILT_PRODUCTS_DIR)/BookifyAI.app/$(BUNDLE_EXECUTABLE_FOLDER_PATH)/BookifyAI";
			};
			name = Release;
		};
		5D649C2B2ECCFC38008269CC /* Debug */ = {
			isa = XCBuildConfiguration;
			buildSettings = {
				CODE_SIGN_STYLE = Automatic;
				CURRENT_PROJECT_VERSION = 1;
				GENERATE_INFOPLIST_FILE = YES;
				MARKETING_VERSION = 1.0;
				PRODUCT_BUNDLE_IDENTIFIER = tan.BookifyAIUITests;
				PRODUCT_NAME = "$(TARGET_NAME)";
				STRING_CATALOG_GENERATE_SYMBOLS = NO;
				SWIFT_APPROACHABLE_CONCURRENCY = YES;
				SWIFT_EMIT_LOC_STRINGS = NO;
				SWIFT_UPCOMING_FEATURE_MEMBER_IMPORT_VISIBILITY = YES;
				SWIFT_VERSION = 5.0;
				TARGETED_DEVICE_FAMILY = "1,2";
				TEST_TARGET_NAME = BookifyAI;
			};
			name = Debug;
		};
		5D649C2C2ECCFC38008269CC /* Release */ = {
			isa = XCBuildConfiguration;
			buildSettings = {
				CODE_SIGN_STYLE = Automatic;
				CURRENT_PROJECT_VERSION = 1;
				GENERATE_INFOPLIST_FILE = YES;
				MARKETING_VERSION = 1.0;
				PRODUCT_BUNDLE_IDENTIFIER = tan.BookifyAIUITests;
				PRODUCT_NAME = "$(TARGET_NAME)";
				STRING_CATALOG_GENERATE_SYMBOLS = NO;
				SWIFT_APPROACHABLE_CONCURRENCY = YES;
				SWIFT_EMIT_LOC_STRINGS = NO;
				SWIFT_UPCOMING_FEATURE_MEMBER_IMPORT_VISIBILITY = YES;
				SWIFT_VERSION = 5.0;
				TARGETED_DEVICE_FAMILY = "1,2";
				TEST_TARGET_NAME = BookifyAI;
			};
			name = Release;
		};
/* End XCBuildConfiguration section */

/* Begin XCConfigurationList section */
		5D649BFC2ECCFC37008269CC /* Build configuration list for PBXProject "BookifyAI" */ = {
			isa = XCConfigurationList;
			buildConfigurations = (
				5D649C222ECCFC38008269CC /* Debug */,
				5D649C232ECCFC38008269CC /* Release */,
			);
			defaultConfigurationIsVisible = 0;
			defaultConfigurationName = Release;
		};
		5D649C242ECCFC38008269CC /* Build configuration list for PBXNativeTarget "BookifyAI" */ = {
			isa = XCConfigurationList;
			buildConfigurations = (
				5D649C252ECCFC38008269CC /* Debug */,
				5D649C262ECCFC38008269CC /* Release */,
			);
			defaultConfigurationIsVisible = 0;
			defaultConfigurationName = Release;
		};
		5D649C272ECCFC38008269CC /* Build configuration list for PBXNativeTarget "BookifyAITests" */ = {
			isa = XCConfigurationList;
			buildConfigurations = (
				5D649C282ECCFC38008269CC /* Debug */,
				5D649C292ECCFC38008269CC /* Release */,
			);
			defaultConfigurationIsVisible = 0;
			defaultConfigurationName = Release;
		};
		5D649C2A2ECCFC38008269CC /* Build configuration list for PBXNativeTarget "BookifyAIUITests" */ = {
			isa = XCConfigurationList;
			buildConfigurations = (
				5D649C2B2ECCFC38008269CC /* Debug */,
				5D649C2C2ECCFC38008269CC /* Release */,
			);
			defaultConfigurationIsVisible = 0;
			defaultConfigurationName = Release;
		};
/* End XCConfigurationList section */
	};
	rootObject = 5D649BF92ECCFC37008269CC /* Project object */;
}
